
Microsoft Visual Studio Solution File, Format Version 12.00
# Visual Studio Version 17
VisualStudioVersion = 17.2.32505.173
MinimumVisualStudioVersion = 10.0.40219.1
Project("{FAE04EC0-301F-11D3-BF4B-00C04F79EFBC}") = "Wpf_Chemeris_3.3.1", "Wpf_Chemeris_3.3.1.csproj", "{07E5B68E-EA54-4CBA-A94A-4424A6D127EC}"
EndProject
Global
	GlobalSection(SolutionConfigurationPlatforms) = preSolution
		Debug|Any CPU = Debug|Any CPU
		Release|Any CPU = Release|Any CPU
	EndGlobalSection
	GlobalSection(ProjectConfigurationPlatforms) = postSolution
		{07E5B68E-EA54-4CBA-A94A-4424A6D127EC}.Debug|Any CPU.ActiveCfg = Debug|Any CPU
		{07E5B68E-EA54-4CBA-A94A-4424A6D127EC}.Debug|Any CPU.Build.0 = Debug|Any CPU
		{07E5B68E-EA54-4CBA-A94A-4424A6D127EC}.Release|Any CPU.ActiveCfg = Release|Any CPU
		{07E5B68E-EA54-4CBA-A94A-4424A6D127EC}.Release|Any CPU.Build.0 = Release|Any CPU
	EndGlobalSection
	GlobalSection(SolutionProperties) = preSolution
		HideSolutionNode = FALSE
	EndGlobalSection
	GlobalSection(ExtensibilityGlobals) = postSolution
		SolutionGuid = {A0AC2C37-2FEE-4237-9622-5DEA0093B6A4}
	EndGlobalSection
EndGlobal
